// !$*UTF8*$!
{
	archiveVersion = 1;
	classes = {
	};
	objectVersion = 52;
	objects = {

/* Begin PBXBuildFile section */
		418B943A24E8B2A40014101E /* AppDelegate.swift in Sources */ = {isa = PBXBuildFile; fileRef = 418B943924E8B2A40014101E /* AppDelegate.swift */; };
		418B943C24E8B2A40014101E /* ViewController.swift in Sources */ = {isa = PBXBuildFile; fileRef = 418B943B24E8B2A40014101E /* ViewController.swift */; };
		418B943E24E8B2A60014101E /* Assets.xcassets in Resources */ = {isa = PBXBuildFile; fileRef = 418B943D24E8B2A60014101E /* Assets.xcassets */; };
		418B944124E8B2A60014101E /* Main.storyboard in Resources */ = {isa = PBXBuildFile; fileRef = 418B943F24E8B2A60014101E /* Main.storyboard */; };
		418B944B24E8BD0E0014101E /* MSCaptureView in Frameworks */ = {isa = PBXBuildFile; productRef = 418B944A24E8BD0E0014101E /* MSCaptureView */; };
		418B944D24E8BFE90014101E /* README.md in Resources */ = {isa = PBXBuildFile; fileRef = 418B944C24E8BFE90014101E /* README.md */; };
		418B945024E8C0270014101E /* AVFoundation.framework in Frameworks */ = {isa = PBXBuildFile; fileRef = 418B944F24E8C0270014101E /* AVFoundation.framework */; };
/* End PBXBuildFile section */

/* Begin PBXFileReference section */
		418B943624E8B2A40014101E /* MSCaptureView-Demo.app */ = {isa = PBXFileReference; explicitFileType = wrapper.application; includeInIndex = 0; path = "MSCaptureView-Demo.app"; sourceTree = BUILT_PRODUCTS_DIR; };
		418B943924E8B2A40014101E /* AppDelegate.swift */ = {isa = PBXFileReference; lastKnownFileType = sourcecode.swift; path = AppDelegate.swift; sourceTree = "<group>"; };
		418B943B24E8B2A40014101E /* ViewController.swift */ = {isa = PBXFileReference; lastKnownFileType = sourcecode.swift; path = ViewController.swift; sourceTree = "<group>"; };
		418B943D24E8B2A60014101E /* Assets.xcassets */ = {isa = PBXFileReference; lastKnownFileType = folder.assetcatalog; path = Assets.xcassets; sourceTree = "<group>"; };
		418B944024E8B2A60014101E /* Base */ = {isa = PBXFileReference; lastKnownFileType = file.storyboard; name = Base; path = Base.lproj/Main.storyboard; sourceTree = "<group>"; };
		418B944224E8B2A60014101E /* Info.plist */ = {isa = PBXFileReference; lastKnownFileType = text.plist.xml; path = Info.plist; sourceTree = "<group>"; };
		418B944324E8B2A60014101E /* MSCaptureView_Demo.entitlements */ = {isa = PBXFileReference; lastKnownFileType = text.plist.entitlements; path = MSCaptureView_Demo.entitlements; sourceTree = "<group>"; };
		418B944C24E8BFE90014101E /* README.md */ = {isa = PBXFileReference; fileEncoding = 4; lastKnownFileType = net.daringfireball.markdown; path = README.md; sourceTree = "<group>"; };
		418B944F24E8C0270014101E /* AVFoundation.framework */ = {isa = PBXFileReference; lastKnownFileType = wrapper.framework; name = AVFoundation.framework; path = System/Library/Frameworks/AVFoundation.framework; sourceTree = SDKROOT; };
/* End PBXFileReference section */

/* Begin PBXFrameworksBuildPhase section */
		418B943324E8B2A40014101E /* Frameworks */ = {
			isa = PBXFrameworksBuildPhase;
			buildActionMask = 2147483647;
			files = (
				418B945024E8C0270014101E /* AVFoundation.framework in Frameworks */,
				418B944B24E8BD0E0014101E /* MSCaptureView in Frameworks */,
			);
			runOnlyForDeploymentPostprocessing = 0;
		};
/* End PBXFrameworksBuildPhase section */

/* Begin PBXGroup section */
		418B942D24E8B2A40014101E = {
			isa = PBXGroup;
			children = (
				418B944C24E8BFE90014101E /* README.md */,
				418B943824E8B2A40014101E /* MSCaptureView-Demo */,
				418B943724E8B2A40014101E /* Products */,
				418B944E24E8C0270014101E /* Frameworks */,
			);
			sourceTree = "<group>";
		};
		418B943724E8B2A40014101E /* Products */ = {
			isa = PBXGroup;
			children = (
				418B943624E8B2A40014101E /* MSCaptureView-Demo.app */,
			);
			name = Products;
			sourceTree = "<group>";
		};
		418B943824E8B2A40014101E /* MSCaptureView-Demo */ = {
			isa = PBXGroup;
			children = (
				418B943924E8B2A40014101E /* AppDelegate.swift */,
				418B943B24E8B2A40014101E /* ViewController.swift */,
				418B943D24E8B2A60014101E /* Assets.xcassets */,
				418B943F24E8B2A60014101E /* Main.storyboard */,
				418B944224E8B2A60014101E /* Info.plist */,
				418B944324E8B2A60014101E /* MSCaptureView_Demo.entitlements */,
			);
			path = "MSCaptureView-Demo";
			sourceTree = "<group>";
		};
		418B944E24E8C0270014101E /* Frameworks */ = {
			isa = PBXGroup;
			children = (
				418B944F24E8C0270014101E /* AVFoundation.framework */,
			);
			name = Frameworks;
			sourceTree = "<group>";
		};
/* End PBXGroup section */

/* Begin PBXNativeTarget section */
		418B943524E8B2A40014101E /* MSCaptureView-Demo */ = {
			isa = PBXNativeTarget;
			buildConfigurationList = 418B944624E8B2A60014101E /* Build configuration list for PBXNativeTarget "MSCaptureView-Demo" */;
			buildPhases = (
				418B943224E8B2A40014101E /* Sources */,
				418B943324E8B2A40014101E /* Frameworks */,
				418B943424E8B2A40014101E /* Resources */,
			);
			buildRules = (
			);
			dependencies = (
			);
			name = "MSCaptureView-Demo";
			packageProductDependencies = (
				418B944A24E8BD0E0014101E /* MSCaptureView */,
			);
			productName = "MSCaptureView-Demo";
			productReference = 418B943624E8B2A40014101E /* MSCaptureView-Demo.app */;
			productType = "com.apple.product-type.application";
		};
/* End PBXNativeTarget section */

/* Begin PBXProject section */
		418B942E24E8B2A40014101E /* Project object */ = {
			isa = PBXProject;
			attributes = {
				LastSwiftUpdateCheck = 1160;
				LastUpgradeCheck = 1160;
				ORGANIZATIONNAME = "Steve Sheets";
				TargetAttributes = {
					418B943524E8B2A40014101E = {
						CreatedOnToolsVersion = 11.6;
					};
				};
			};
			buildConfigurationList = 418B943124E8B2A40014101E /* Build configuration list for PBXProject "MSCaptureView-Demo" */;
			compatibilityVersion = "Xcode 9.3";
			developmentRegion = en;
			hasScannedForEncodings = 0;
			knownRegions = (
				en,
				Base,
			);
			mainGroup = 418B942D24E8B2A40014101E;
			packageReferences = (
				418B944924E8BD0E0014101E /* XCRemoteSwiftPackageReference "MSCaptureView" */,
			);
			productRefGroup = 418B943724E8B2A40014101E /* Products */;
			projectDirPath = "";
			projectRoot = "";
			targets = (
				418B943524E8B2A40014101E /* MSCaptureView-Demo */,
			);
		};
/* End PBXProject section */

/* Begin PBXResourcesBuildPhase section */
		418B943424E8B2A40014101E /* Resources */ = {
			isa = PBXResourcesBuildPhase;
			buildActionMask = 2147483647;
			files = (
				418B944D24E8BFE90014101E /* README.md in Resources */,
				418B943E24E8B2A60014101E /* Assets.xcassets in Resources */,
				418B944124E8B2A60014101E /* Main.storyboard in Resources */,
			);
			runOnlyForDeploymentPostprocessing = 0;
		};
/* End PBXResourcesBuildPhase section */

/* Begin PBXSourcesBuildPhase section */
		418B943224E8B2A40014101E /* Sources */ = {
			isa = PBXSourcesBuildPhase;
			buildActionMask = 2147483647;
			files = (
				418B943C24E8B2A40014101E /* ViewController.swift in Sources */,
				418B943A24E8B2A40014101E /* AppDelegate.swift in Sources */,
			);
			runOnlyForDeploymentPostprocessing = 0;
		};
/* End PBXSourcesBuildPhase section */

/* Begin PBXVariantGroup section */
		418B943F24E8B2A60014101E /* Main.storyboard */ = {
			isa = PBXVariantGroup;
			children = (
				418B944024E8B2A60014101E /* Base */,
			);
			name = Main.storyboard;
			sourceTree = "<group>";
		};
/* End PBXVariantGroup section */

/* Begin XCBuildConfiguration section */
		418B944424E8B2A60014101E /* Debug */ = {
			isa = XCBuildConfiguration;
			buildSettings = {
				ALWAYS_SEARCH_USER_PATHS = NO;
				CLANG_ANALYZER_NONNULL = YES;
				CLANG_ANALYZER_NUMBER_OBJECT_CONVERSION = YES_AGGRESSIVE;
				CLANG_CXX_LANGUAGE_STANDARD = "gnu++14";
				CLANG_CXX_LIBRARY = "libc++";
				CLANG_ENABLE_MODULES = YES;
				CLANG_ENABLE_OBJC_ARC = YES;
				CLANG_ENABLE_OBJC_WEAK = YES;
				CLANG_WARN_BLOCK_CAPTURE_AUTORELEASING = YES;
				CLANG_WARN_BOOL_CONVERSION = YES;
				CLANG_WARN_COMMA = YES;
				CLANG_WARN_CONSTANT_CONVERSION = YES;
				CLANG_WARN_DEPRECATED_OBJC_IMPLEMENTATIONS = YES;
				CLANG_WARN_DIRECT_OBJC_ISA_USAGE = YES_ERROR;
				CLANG_WARN_DOCUMENTATION_COMMENTS = YES;
				CLANG_WARN_EMPTY_BODY = YES;
				CLANG_WARN_ENUM_CONVERSION = YES;
				CLANG_WARN_INFINITE_RECURSION = YES;
				CLANG_WARN_INT_CONVERSION = YES;
				CLANG_WARN_NON_LITERAL_NULL_CONVERSION = YES;
				CLANG_WARN_OBJC_IMPLICIT_RETAIN_SELF = YES;
				CLANG_WARN_OBJC_LITERAL_CONVERSION = YES;
				CLANG_WARN_OBJC_ROOT_CLASS = YES_ERROR;
				CLANG_WARN_RANGE_LOOP_ANALYSIS = YES;
				CLANG_WARN_STRICT_PROTOTYPES = YES;
				CLANG_WARN_SUSPICIOUS_MOVE = YES;
				CLANG_WARN_UNGUARDED_AVAILABILITY = YES_AGGRESSIVE;
				CLANG_WARN_UNREACHABLE_CODE = YES;
				CLANG_WARN__DUPLICATE_METHOD_MATCH = YES;
				COPY_PHASE_STRIP = NO;
				DEBUG_INFORMATION_FORMAT = dwarf;
				ENABLE_STRICT_OBJC_MSGSEND = YES;
				ENABLE_TESTABILITY = YES;
				GCC_C_LANGUAGE_STANDARD = gnu11;
				GCC_DYNAMIC_NO_PIC = NO;
				GCC_NO_COMMON_BLOCKS = YES;
				GCC_OPTIMIZATION_LEVEL = 0;
				GCC_PREPROCESSOR_DEFINITIONS = (
					"DEBUG=1",
					"$(inherited)",
				);
				GCC_WARN_64_TO_32_BIT_CONVERSION = YES;
				GCC_WARN_ABOUT_RETURN_TYPE = YES_ERROR;
				GCC_WARN_UNDECLARED_SELECTOR = YES;
				GCC_WARN_UNINITIALIZED_AUTOS = YES_AGGRESSIVE;
				GCC_WARN_UNUSED_FUNCTION = YES;
				GCC_WARN_UNUSED_VARIABLE = YES;
				MACOSX_DEPLOYMENT_TARGET = 10.15;
				MTL_ENABLE_DEBUG_INFO = INCLUDE_SOURCE;
				MTL_FAST_MATH = YES;
				ONLY_ACTIVE_ARCH = YES;
				SDKROOT = macosx;
				SWIFT_ACTIVE_COMPILATION_CONDITIONS = DEBUG;
				SWIFT_OPTIMIZATION_LEVEL = "-Onone";
			};
			name = Debug;
		};
		418B944524E8B2A60014101E /* Release */ = {
			isa = XCBuildConfiguration;
			buildSettings = {
				ALWAYS_SEARCH_USER_PATHS = NO;
				CLANG_ANALYZER_NONNULL = YES;
				CLANG_ANALYZER_NUMBER_OBJECT_CONVERSION = YES_AGGRESSIVE;
				CLANG_CXX_LANGUAGE_STANDARD = "gnu++14";
				CLANG_CXX_LIBRARY = "libc++";
				CLANG_ENABLE_MODULES = YES;
				CLANG_ENABLE_OBJC_ARC = YES;
				CLANG_ENABLE_OBJC_WEAK = YES;
				CLANG_WARN_BLOCK_CAPTURE_AUTORELEASING = YES;
				CLANG_WARN_BOOL_CONVERSION = YES;
				CLANG_WARN_COMMA = YES;
				CLANG_WARN_CONSTANT_CONVERSION = YES;
				CLANG_WARN_DEPRECATED_OBJC_IMPLEMENTATIONS = YES;
				CLANG_WARN_DIRECT_OBJC_ISA_USAGE = YES_ERROR;
				CLANG_WARN_DOCUMENTATION_COMMENTS = YES;
				CLANG_WARN_EMPTY_BODY = YES;
				CLANG_WARN_ENUM_CONVERSION = YES;
				CLANG_WARN_INFINITE_RECURSION = YES;
				CLANG_WARN_INT_CONVERSION = YES;
				CLANG_WARN_NON_LITERAL_NULL_CONVERSION = YES;
				CLANG_WARN_OBJC_IMPLICIT_RETAIN_SELF = YES;
				CLANG_WARN_OBJC_LITERAL_CONVERSION = YES;
				CLANG_WARN_OBJC_ROOT_CLASS = YES_ERROR;
				CLANG_WARN_RANGE_LOOP_ANALYSIS = YES;
				CLANG_WARN_STRICT_PROTOTYPES = YES;
				CLANG_WARN_SUSPICIOUS_MOVE = YES;
				CLANG_WARN_UNGUARDED_AVAILABILITY = YES_AGGRESSIVE;
				CLANG_WARN_UNREACHABLE_CODE = YES;
				CLANG_WARN__DUPLICATE_METHOD_MATCH = YES;
				COPY_PHASE_STRIP = NO;
				DEBUG_INFORMATION_FORMAT = "dwarf-with-dsym";
				ENABLE_NS_ASSERTIONS = NO;
				ENABLE_STRICT_OBJC_MSGSEND = YES;
				GCC_C_LANGUAGE_STANDARD = gnu11;
				GCC_NO_COMMON_BLOCKS = YES;
				GCC_WARN_64_TO_32_BIT_CONVERSION = YES;
				GCC_WARN_ABOUT_RETURN_TYPE = YES_ERROR;
				GCC_WARN_UNDECLARED_SELECTOR = YES;
				GCC_WARN_UNINITIALIZED_AUTOS = YES_AGGRESSIVE;
				GCC_WARN_UNUSED_FUNCTION = YES;
				GCC_WARN_UNUSED_VARIABLE = YES;
				MACOSX_DEPLOYMENT_TARGET = 10.15;
				MTL_ENABLE_DEBUG_INFO = NO;
				MTL_FAST_MATH = YES;
				SDKROOT = macosx;
				SWIFT_COMPILATION_MODE = wholemodule;
				SWIFT_OPTIMIZATION_LEVEL = "-O";
			};
			name = Release;
		};
		418B944724E8B2A60014101E /* Debug */ = {
			isa = XCBuildConfiguration;
			buildSettings = {
				ASSETCATALOG_COMPILER_APPICON_NAME = AppIcon;
				CODE_SIGN_ENTITLEMENTS = "MSCaptureView-Demo/MSCaptureView_Demo.entitlements";
				CODE_SIGN_STYLE = Automatic;
				COMBINE_HIDPI_IMAGES = YES;
				DEVELOPMENT_TEAM = 44Q9LHQ5T3;
				ENABLE_HARDENED_RUNTIME = YES;
				INFOPLIST_FILE = "MSCaptureView-Demo/Info.plist";
				LD_RUNPATH_SEARCH_PATHS = (
					"$(inherited)",
					"@executable_path/../Frameworks",
				);
				PRODUCT_BUNDLE_IDENTIFIER = "com.magesteve.MSCaptureView-Demo";
				PRODUCT_NAME = "$(TARGET_NAME)";
				SWIFT_VERSION = 5.0;
			};
			name = Debug;
		};
		418B944824E8B2A60014101E /* Release */ = {
			isa = XCBuildConfiguration;
			buildSettings = {
				ASSETCATALOG_COMPILER_APPICON_NAME = AppIcon;
				CODE_SIGN_ENTITLEMENTS = "MSCaptureView-Demo/MSCaptureView_Demo.entitlements";
				CODE_SIGN_STYLE = Automatic;
				COMBINE_HIDPI_IMAGES = YES;
				DEVELOPMENT_TEAM = 44Q9LHQ5T3;
				ENABLE_HARDENED_RUNTIME = YES;
				INFOPLIST_FILE = "MSCaptureView-Demo/Info.plist";
				LD_RUNPATH_SEARCH_PATHS = (
					"$(inherited)",
					"@executable_path/../Frameworks",
				);
				PRODUCT_BUNDLE_IDENTIFIER = "com.magesteve.MSCaptureView-Demo";
				PRODUCT_NAME = "$(TARGET_NAME)";
				SWIFT_VERSION = 5.0;
			};
			name = Release;
		};
/* End XCBuildConfiguration section */

/* Begin XCConfigurationList section */
		418B943124E8B2A40014101E /* Build configuration list for PBXProject "MSCaptureView-Demo" */ = {
			isa = XCConfigurationList;
			buildConfigurations = (
				418B944424E8B2A60014101E /* Debug */,
				418B944524E8B2A60014101E /* Release */,
			);
			defaultConfigurationIsVisible = 0;
			defaultConfigurationName = Release;
		};
		418B944624E8B2A60014101E /* Build configuration list for PBXNativeTarget "MSCaptureView-Demo" */ = {
			isa = XCConfigurationList;
			buildConfigurations = (
				418B944724E8B2A60014101E /* Debug */,
				418B944824E8B2A60014101E /* Release */,
			);
			defaultConfigurationIsVisible = 0;
			defaultConfigurationName = Release;
		};
/* End XCConfigurationList section */

/* Begin XCRemoteSwiftPackageReference section */
		418B944924E8BD0E0014101E /* XCRemoteSwiftPackageReference "MSCaptureView" */ = {
			isa = XCRemoteSwiftPackageReference;
			repositoryURL = "https://github.com/magesteve/MSCaptureView.git";
			requirement = {
				kind = upToNextMajorVersion;
				minimumVersion = 1.0.0;
			};
		};
/* End XCRemoteSwiftPackageReference section */

/* Begin XCSwiftPackageProductDependency section */
		418B944A24E8BD0E0014101E /* MSCaptureView */ = {
			isa = XCSwiftPackageProductDependency;
			package = 418B944924E8BD0E0014101E /* XCRemoteSwiftPackageReference "MSCaptureView" */;
			productName = MSCaptureView;
		};
/* End XCSwiftPackageProductDependency section */
	};
	rootObject = 418B942E24E8B2A40014101E /* Project object */;
}
